# THIS IS AN AUTOGENERATED FILE. DO NOT EDIT THIS FILE DIRECTLY.
# yarn lockfile v1


"@emailjs/browser@^3.6.2":
  "integrity" "sha512-Swc8w+vwDX4XPy6tPegOFGSwHqNiEmEsIKbtAkqHo2WqnS0ORZUnnuZats2R3XqwfxNQD0F6RwnlVWHIMf6sCQ=="
  "resolved" "https://registry.npmjs.org/@emailjs/browser/-/browser-3.6.2.tgz"
  "version" "3.6.2"

"emailjs-com@^3.2.0":
  "integrity" "sha512-Prbz3E1usiAwGjMNYRv6EsJ5c373cX7/AGnZQwOfrpNJrygQJ15+E9OOq4pU8yC977Z5xMetRfc3WmDX6RcjAA=="
  "resolved" "https://registry.npmjs.org/emailjs-com/-/emailjs-com-3.2.0.tgz"
  "version" "3.2.0"

"jwt-decode@^3.1.2":
  "integrity" "sha512-UfpWE/VZn0iP50d8cz9NrZLM9lSWhcJ+0Gt/nm4by88UL+J1SiKN8/5dkjMmbEzwL2CAe+67GsegCbIKtbp75A=="
  "resolved" "https://registry.npmjs.org/jwt-decode/-/jwt-decode-3.1.2.tgz"
  "version" "3.1.2"
